// !$*UTF8*$!
{
	archiveVersion = 1;
	classes = {
	};
	objectVersion = 55;
	objects = {

/* Begin PBXBuildFile section */
		C83DA2AF2704DC1E005F4A8D /* internal_ground_ao_texture.jpeg in Resources */ = {isa = PBXBuildFile; fileRef = C83DA2AA2704DC1E005F4A8D /* internal_ground_ao_texture.jpeg */; };
		C83DA2B02704DC1E005F4A8D /* internal_ground_ao_texture.jpeg in Resources */ = {isa = PBXBuildFile; fileRef = C83DA2AA2704DC1E005F4A8D /* internal_ground_ao_texture.jpeg */; };
		C83DA2B12704DC1E005F4A8D /* internal_ground_ao_texture.jpeg in Resources */ = {isa = PBXBuildFile; fileRef = C83DA2AA2704DC1E005F4A8D /* internal_ground_ao_texture.jpeg */; };
		C83DA2B22704DC1E005F4A8D /* baked_mesh_ao0.png in Resources */ = {isa = PBXBuildFile; fileRef = C83DA2AB2704DC1E005F4A8D /* baked_mesh_ao0.png */; };
		C83DA2B32704DC1E005F4A8D /* baked_mesh_ao0.png in Resources */ = {isa = PBXBuildFile; fileRef = C83DA2AB2704DC1E005F4A8D /* baked_mesh_ao0.png */; };
		C83DA2B42704DC1E005F4A8D /* baked_mesh_ao0.png in Resources */ = {isa = PBXBuildFile; fileRef = C83DA2AB2704DC1E005F4A8D /* baked_mesh_ao0.png */; };
		C83DA2B52704DC1E005F4A8D /* baked_mesh_tex0.png in Resources */ = {isa = PBXBuildFile; fileRef = C83DA2AC2704DC1E005F4A8D /* baked_mesh_tex0.png */; };
		C83DA2B62704DC1E005F4A8D /* baked_mesh_tex0.png in Resources */ = {isa = PBXBuildFile; fileRef = C83DA2AC2704DC1E005F4A8D /* baked_mesh_tex0.png */; };
		C83DA2B72704DC1E005F4A8D /* baked_mesh_tex0.png in Resources */ = {isa = PBXBuildFile; fileRef = C83DA2AC2704DC1E005F4A8D /* baked_mesh_tex0.png */; };
		C83DA2B82704DC1E005F4A8D /* BearStatue.usdz in Resources */ = {isa = PBXBuildFile; fileRef = C83DA2AE2704DC1E005F4A8D /* BearStatue.usdz */; };
		C83DA2B92704DC1E005F4A8D /* BearStatue.usdz in Resources */ = {isa = PBXBuildFile; fileRef = C83DA2AE2704DC1E005F4A8D /* BearStatue.usdz */; };
		C83DA2BA2704DC1E005F4A8D /* BearStatue.usdz in Resources */ = {isa = PBXBuildFile; fileRef = C83DA2AE2704DC1E005F4A8D /* BearStatue.usdz */; };
		C83DA2C02704DD9F005F4A8D /* shoe.usdz in Resources */ = {isa = PBXBuildFile; fileRef = C83DA2BF2704DD9F005F4A8D /* shoe.usdz */; };
		C83DA2C12704DD9F005F4A8D /* shoe.usdz in Resources */ = {isa = PBXBuildFile; fileRef = C83DA2BF2704DD9F005F4A8D /* shoe.usdz */; };
		C83DA2C22704DD9F005F4A8D /* shoe.usdz in Resources */ = {isa = PBXBuildFile; fileRef = C83DA2BF2704DD9F005F4A8D /* shoe.usdz */; };
		C83DA2C82704E139005F4A8D /* clock.usdz in Resources */ = {isa = PBXBuildFile; fileRef = C83DA2C72704E139005F4A8D /* clock.usdz */; };
		C83DA2C92704E139005F4A8D /* clock.usdz in Resources */ = {isa = PBXBuildFile; fileRef = C83DA2C72704E139005F4A8D /* clock.usdz */; };
		C83DA2CA2704E139005F4A8D /* clock.usdz in Resources */ = {isa = PBXBuildFile; fileRef = C83DA2C72704E139005F4A8D /* clock.usdz */; };
		C8A741C92704B5E000B52BBC /* AppDelegate.swift in Sources */ = {isa = PBXBuildFile; fileRef = C8A741C82704B5E000B52BBC /* AppDelegate.swift */; };
		C8A741CB2704B5E000B52BBC /* ViewController.swift in Sources */ = {isa = PBXBuildFile; fileRef = C8A741CA2704B5E000B52BBC /* ViewController.swift */; };
		C8A741CD2704B5E000B52BBC /* Experience.rcproject in Sources */ = {isa = PBXBuildFile; fileRef = C8A741CC2704B5E000B52BBC /* Experience.rcproject */; };
		C8A741D02704B5E000B52BBC /* Main.storyboard in Resources */ = {isa = PBXBuildFile; fileRef = C8A741CE2704B5E000B52BBC /* Main.storyboard */; };
		C8A741D22704B5E300B52BBC /* Assets.xcassets in Resources */ = {isa = PBXBuildFile; fileRef = C8A741D12704B5E300B52BBC /* Assets.xcassets */; };
		C8A741D52704B5E300B52BBC /* LaunchScreen.storyboard in Resources */ = {isa = PBXBuildFile; fileRef = C8A741D32704B5E300B52BBC /* LaunchScreen.storyboard */; };
		C8A741DF2704B5E300B52BBC /* HackAThing2Tests.swift in Sources */ = {isa = PBXBuildFile; fileRef = C8A741DE2704B5E300B52BBC /* HackAThing2Tests.swift */; };
		C8A741E92704B5E300B52BBC /* HackAThing2UITests.swift in Sources */ = {isa = PBXBuildFile; fileRef = C8A741E82704B5E300B52BBC /* HackAThing2UITests.swift */; };
		C8A741EB2704B5E300B52BBC /* HackAThing2UITestsLaunchTests.swift in Sources */ = {isa = PBXBuildFile; fileRef = C8A741EA2704B5E300B52BBC /* HackAThing2UITestsLaunchTests.swift */; };
/* End PBXBuildFile section */

/* Begin PBXContainerItemProxy section */
		C8A741DB2704B5E300B52BBC /* PBXContainerItemProxy */ = {
			isa = PBXContainerItemProxy;
			containerPortal = C8A741BD2704B5E000B52BBC /* Project object */;
			proxyType = 1;
			remoteGlobalIDString = C8A741C42704B5E000B52BBC;
			remoteInfo = HackAThing2;
		};
		C8A741E52704B5E300B52BBC /* PBXContainerItemProxy */ = {
			isa = PBXContainerItemProxy;
			containerPortal = C8A741BD2704B5E000B52BBC /* Project object */;
			proxyType = 1;
			remoteGlobalIDString = C8A741C42704B5E000B52BBC;
			remoteInfo = HackAThing2;
		};
/* End PBXContainerItemProxy section */

/* Begin PBXFileReference section */
		C83DA2AA2704DC1E005F4A8D /* internal_ground_ao_texture.jpeg */ = {isa = PBXFileReference; lastKnownFileType = image.jpeg; path = internal_ground_ao_texture.jpeg; sourceTree = "<group>"; };
		C83DA2AB2704DC1E005F4A8D /* baked_mesh_ao0.png */ = {isa = PBXFileReference; lastKnownFileType = image.png; path = baked_mesh_ao0.png; sourceTree = "<group>"; };
		C83DA2AC2704DC1E005F4A8D /* baked_mesh_tex0.png */ = {isa = PBXFileReference; lastKnownFileType = image.png; path = baked_mesh_tex0.png; sourceTree = "<group>"; };
		C83DA2AE2704DC1E005F4A8D /* BearStatue.usdz */ = {isa = PBXFileReference; lastKnownFileType = file.usdz; path = BearStatue.usdz; sourceTree = "<group>"; };
		C83DA2BF2704DD9F005F4A8D /* shoe.usdz */ = {isa = PBXFileReference; lastKnownFileType = file.usdz; path = shoe.usdz; sourceTree = "<group>"; };
		C83DA2C72704E139005F4A8D /* clock.usdz */ = {isa = PBXFileReference; lastKnownFileType = file.usdz; path = clock.usdz; sourceTree = "<group>"; };
		C8A741C52704B5E000B52BBC /* HackAThing2.app */ = {isa = PBXFileReference; explicitFileType = wrapper.application; includeInIndex = 0; path = HackAThing2.app; sourceTree = BUILT_PRODUCTS_DIR; };
		C8A741C82704B5E000B52BBC /* AppDelegate.swift */ = {isa = PBXFileReference; lastKnownFileType = sourcecode.swift; path = AppDelegate.swift; sourceTree = "<group>"; };
		C8A741CA2704B5E000B52BBC /* ViewController.swift */ = {isa = PBXFileReference; lastKnownFileType = sourcecode.swift; path = ViewController.swift; sourceTree = "<group>"; };
		C8A741CC2704B5E000B52BBC /* Experience.rcproject */ = {isa = PBXFileReference; lastKnownFileType = file.rcproject; path = Experience.rcproject; sourceTree = "<group>"; };
		C8A741CF2704B5E000B52BBC /* Base */ = {isa = PBXFileReference; lastKnownFileType = file.storyboard; name = Base; path = Base.lproj/Main.storyboard; sourceTree = "<group>"; };
		C8A741D12704B5E300B52BBC /* Assets.xcassets */ = {isa = PBXFileReference; lastKnownFileType = folder.assetcatalog; path = Assets.xcassets; sourceTree = "<group>"; };
		C8A741D42704B5E300B52BBC /* Base */ = {isa = PBXFileReference; lastKnownFileType = file.storyboard; name = Base; path = Base.lproj/LaunchScreen.storyboard; sourceTree = "<group>"; };
		C8A741DA2704B5E300B52BBC /* HackAThing2Tests.xctest */ = {isa = PBXFileReference; explicitFileType = wrapper.cfbundle; includeInIndex = 0; path = HackAThing2Tests.xctest; sourceTree = BUILT_PRODUCTS_DIR; };
		C8A741DE2704B5E300B52BBC /* HackAThing2Tests.swift */ = {isa = PBXFileReference; lastKnownFileType = sourcecode.swift; path = HackAThing2Tests.swift; sourceTree = "<group>"; };
		C8A741E42704B5E300B52BBC /* HackAThing2UITests.xctest */ = {isa = PBXFileReference; explicitFileType = wrapper.cfbundle; includeInIndex = 0; path = HackAThing2UITests.xctest; sourceTree = BUILT_PRODUCTS_DIR; };
		C8A741E82704B5E300B52BBC /* HackAThing2UITests.swift */ = {isa = PBXFileReference; lastKnownFileType = sourcecode.swift; path = HackAThing2UITests.swift; sourceTree = "<group>"; };
		C8A741EA2704B5E300B52BBC /* HackAThing2UITestsLaunchTests.swift */ = {isa = PBXFileReference; lastKnownFileType = sourcecode.swift; path = HackAThing2UITestsLaunchTests.swift; sourceTree = "<group>"; };
/* End PBXFileReference section */

/* Begin PBXFrameworksBuildPhase section */
		C8A741C22704B5E000B52BBC /* Frameworks */ = {
			isa = PBXFrameworksBuildPhase;
			buildActionMask = 2147483647;
			files = (
			);
			runOnlyForDeploymentPostprocessing = 0;
		};
		C8A741D72704B5E300B52BBC /* Frameworks */ = {
			isa = PBXFrameworksBuildPhase;
			buildActionMask = 2147483647;
			files = (
			);
			runOnlyForDeploymentPostprocessing = 0;
		};
		C8A741E12704B5E300B52BBC /* Frameworks */ = {
			isa = PBXFrameworksBuildPhase;
			buildActionMask = 2147483647;
			files = (
			);
			runOnlyForDeploymentPostprocessing = 0;
		};
/* End PBXFrameworksBuildPhase section */

/* Begin PBXGroup section */
		C83DA2A82704DC1E005F4A8D /* bear-statue-object-capture-2 */ = {
			isa = PBXGroup;
			children = (
				C83DA2A92704DC1E005F4A8D /* textures */,
				C83DA2AD2704DC1E005F4A8D /* source */,
			);
			path = "bear-statue-object-capture-2";
			sourceTree = "<group>";
		};
		C83DA2A92704DC1E005F4A8D /* textures */ = {
			isa = PBXGroup;
			children = (
				C83DA2AA2704DC1E005F4A8D /* internal_ground_ao_texture.jpeg */,
				C83DA2AB2704DC1E005F4A8D /* baked_mesh_ao0.png */,
				C83DA2AC2704DC1E005F4A8D /* baked_mesh_tex0.png */,
			);
			path = textures;
			sourceTree = "<group>";
		};
		C83DA2AD2704DC1E005F4A8D /* source */ = {
			isa = PBXGroup;
			children = (
				C83DA2AE2704DC1E005F4A8D /* BearStatue.usdz */,
			);
			path = source;
			sourceTree = "<group>";
		};
		C8A741BC2704B5E000B52BBC = {
			isa = PBXGroup;
			children = (
				C8A741C72704B5E000B52BBC /* HackAThing2 */,
				C8A741DD2704B5E300B52BBC /* HackAThing2Tests */,
				C8A741E72704B5E300B52BBC /* HackAThing2UITests */,
				C8A741C62704B5E000B52BBC /* Products */,
			);
			sourceTree = "<group>";
		};
		C8A741C62704B5E000B52BBC /* Products */ = {
			isa = PBXGroup;
			children = (
				C8A741C52704B5E000B52BBC /* HackAThing2.app */,
				C8A741DA2704B5E300B52BBC /* HackAThing2Tests.xctest */,
				C8A741E42704B5E300B52BBC /* HackAThing2UITests.xctest */,
			);
			name = Products;
			sourceTree = "<group>";
		};
		C8A741C72704B5E000B52BBC /* HackAThing2 */ = {
			isa = PBXGroup;
			children = (
				C8A741C82704B5E000B52BBC /* AppDelegate.swift */,
				C8A741CA2704B5E000B52BBC /* ViewController.swift */,
				C83DA2BF2704DD9F005F4A8D /* shoe.usdz */,
				C83DA2C72704E139005F4A8D /* clock.usdz */,
				C83DA2A82704DC1E005F4A8D /* bear-statue-object-capture-2 */,
				C8A741CC2704B5E000B52BBC /* Experience.rcproject */,
				C8A741CE2704B5E000B52BBC /* Main.storyboard */,
				C8A741D12704B5E300B52BBC /* Assets.xcassets */,
				C8A741D32704B5E300B52BBC /* LaunchScreen.storyboard */,
			);
			path = HackAThing2;
			sourceTree = "<group>";
		};
		C8A741DD2704B5E300B52BBC /* HackAThing2Tests */ = {
			isa = PBXGroup;
			children = (
				C8A741DE2704B5E300B52BBC /* HackAThing2Tests.swift */,
			);
			path = HackAThing2Tests;
			sourceTree = "<group>";
		};
		C8A741E72704B5E300B52BBC /* HackAThing2UITests */ = {
			isa = PBXGroup;
			children = (
				C8A741E82704B5E300B52BBC /* HackAThing2UITests.swift */,
				C8A741EA2704B5E300B52BBC /* HackAThing2UITestsLaunchTests.swift */,
			);
			path = HackAThing2UITests;
			sourceTree = "<group>";
		};
/* End PBXGroup section */

/* Begin PBXNativeTarget section */
		C8A741C42704B5E000B52BBC /* HackAThing2 */ = {
			isa = PBXNativeTarget;
			buildConfigurationList = C8A741EE2704B5E300B52BBC /* Build configuration list for PBXNativeTarget "HackAThing2" */;
			buildPhases = (
				C8A741C12704B5E000B52BBC /* Sources */,
				C8A741C22704B5E000B52BBC /* Frameworks */,
				C8A741C32704B5E000B52BBC /* Resources */,
			);
			buildRules = (
			);
			dependencies = (
			);
			name = HackAThing2;
			productName = HackAThing2;
			productReference = C8A741C52704B5E000B52BBC /* HackAThing2.app */;
			productType = "com.apple.product-type.application";
		};
		C8A741D92704B5E300B52BBC /* HackAThing2Tests */ = {
			isa = PBXNativeTarget;
			buildConfigurationList = C8A741F12704B5E300B52BBC /* Build configuration list for PBXNativeTarget "HackAThing2Tests" */;
			buildPhases = (
				C8A741D62704B5E300B52BBC /* Sources */,
				C8A741D72704B5E300B52BBC /* Frameworks */,
				C8A741D82704B5E300B52BBC /* Resources */,
			);
			buildRules = (
			);
			dependencies = (
				C8A741DC2704B5E300B52BBC /* PBXTargetDependency */,
			);
			name = HackAThing2Tests;
			productName = HackAThing2Tests;
			productReference = C8A741DA2704B5E300B52BBC /* HackAThing2Tests.xctest */;
			productType = "com.apple.product-type.bundle.unit-test";
		};
		C8A741E32704B5E300B52BBC /* HackAThing2UITests */ = {
			isa = PBXNativeTarget;
			buildConfigurationList = C8A741F42704B5E300B52BBC /* Build configuration list for PBXNativeTarget "HackAThing2UITests" */;
			buildPhases = (
				C8A741E02704B5E300B52BBC /* Sources */,
				C8A741E12704B5E300B52BBC /* Frameworks */,
				C8A741E22704B5E300B52BBC /* Resources */,
			);
			buildRules = (
			);
			dependencies = (
				C8A741E62704B5E300B52BBC /* PBXTargetDependency */,
			);
			name = HackAThing2UITests;
			productName = HackAThing2UITests;
			productReference = C8A741E42704B5E300B52BBC /* HackAThing2UITests.xctest */;
			productType = "com.apple.product-type.bundle.ui-testing";
		};
/* End PBXNativeTarget section */

/* Begin PBXProject section */
		C8A741BD2704B5E000B52BBC /* Project object */ = {
			isa = PBXProject;
			attributes = {
				BuildIndependentTargetsInParallel = 1;
				LastSwiftUpdateCheck = 1300;
				LastUpgradeCheck = 1300;
				TargetAttributes = {
					C8A741C42704B5E000B52BBC = {
						CreatedOnToolsVersion = 13.0;
					};
					C8A741D92704B5E300B52BBC = {
						CreatedOnToolsVersion = 13.0;
						TestTargetID = C8A741C42704B5E000B52BBC;
					};
					C8A741E32704B5E300B52BBC = {
						CreatedOnToolsVersion = 13.0;
						TestTargetID = C8A741C42704B5E000B52BBC;
					};
				};
			};
			buildConfigurationList = C8A741C02704B5E000B52BBC /* Build configuration list for PBXProject "HackAThing2" */;
			compatibilityVersion = "Xcode 13.0";
			developmentRegion = en;
			hasScannedForEncodings = 0;
			knownRegions = (
				en,
				Base,
			);
			mainGroup = C8A741BC2704B5E000B52BBC;
			productRefGroup = C8A741C62704B5E000B52BBC /* Products */;
			projectDirPath = "";
			projectRoot = "";
			targets = (
				C8A741C42704B5E000B52BBC /* HackAThing2 */,
				C8A741D92704B5E300B52BBC /* HackAThing2Tests */,
				C8A741E32704B5E300B52BBC /* HackAThing2UITests */,
			);
		};
/* End PBXProject section */

/* Begin PBXResourcesBuildPhase section */
		C8A741C32704B5E000B52BBC /* Resources */ = {
			isa = PBXResourcesBuildPhase;
			buildActionMask = 2147483647;
			files = (
				C8A741D52704B5E300B52BBC /* LaunchScreen.storyboard in Resources */,
				C83DA2AF2704DC1E005F4A8D /* internal_ground_ao_texture.jpeg in Resources */,
				C83DA2B22704DC1E005F4A8D /* baked_mesh_ao0.png in Resources */,
				C83DA2B52704DC1E005F4A8D /* baked_mesh_tex0.png in Resources */,
				C83DA2C02704DD9F005F4A8D /* shoe.usdz in Resources */,
				C83DA2C82704E139005F4A8D /* clock.usdz in Resources */,
				C8A741D22704B5E300B52BBC /* Assets.xcassets in Resources */,
				C8A741D02704B5E000B52BBC /* Main.storyboard in Resources */,
				C83DA2B82704DC1E005F4A8D /* BearStatue.usdz in Resources */,
			);
			runOnlyForDeploymentPostprocessing = 0;
		};
		C8A741D82704B5E300B52BBC /* Resources */ = {
			isa = PBXResourcesBuildPhase;
			buildActionMask = 2147483647;
			files = (
				C83DA2B62704DC1E005F4A8D /* baked_mesh_tex0.png in Resources */,
				C83DA2B02704DC1E005F4A8D /* internal_ground_ao_texture.jpeg in Resources */,
				C83DA2B32704DC1E005F4A8D /* baked_mesh_ao0.png in Resources */,
				C83DA2B92704DC1E005F4A8D /* BearStatue.usdz in Resources */,
				C83DA2C12704DD9F005F4A8D /* shoe.usdz in Resources */,
				C83DA2C92704E139005F4A8D /* clock.usdz in Resources */,
			);
			runOnlyForDeploymentPostprocessing = 0;
		};
		C8A741E22704B5E300B52BBC /* Resources */ = {
			isa = PBXResourcesBuildPhase;
			buildActionMask = 2147483647;
			files = (
				C83DA2B72704DC1E005F4A8D /* baked_mesh_tex0.png in Resources */,
				C83DA2B12704DC1E005F4A8D /* internal_ground_ao_texture.jpeg in Resources */,
				C83DA2B42704DC1E005F4A8D /* baked_mesh_ao0.png in Resources */,
				C83DA2BA2704DC1E005F4A8D /* BearStatue.usdz in Resources */,
				C83DA2C22704DD9F005F4A8D /* shoe.usdz in Resources */,
				C83DA2CA2704E139005F4A8D /* clock.usdz in Resources */,
			);
			runOnlyForDeploymentPostprocessing = 0;
		};
/* End PBXResourcesBuildPhase section */

/* Begin PBXSourcesBuildPhase section */
		C8A741C12704B5E000B52BBC /* Sources */ = {
			isa = PBXSourcesBuildPhase;
			buildActionMask = 2147483647;
			files = (
				C8A741CB2704B5E000B52BBC /* ViewController.swift in Sources */,
				C8A741C92704B5E000B52BBC /* AppDelegate.swift in Sources */,
				C8A741CD2704B5E000B52BBC /* Experience.rcproject in Sources */,
			);
			runOnlyForDeploymentPostprocessing = 0;
		};
		C8A741D62704B5E300B52BBC /* Sources */ = {
			isa = PBXSourcesBuildPhase;
			buildActionMask = 2147483647;
			files = (
				C8A741DF2704B5E300B52BBC /* HackAThing2Tests.swift in Sources */,
			);
			runOnlyForDeploymentPostprocessing = 0;
		};
		C8A741E02704B5E300B52BBC /* Sources */ = {
			isa = PBXSourcesBuildPhase;
			buildActionMask = 2147483647;
			files = (
				C8A741E92704B5E300B52BBC /* HackAThing2UITests.swift in Sources */,
				C8A741EB2704B5E300B52BBC /* HackAThing2UITestsLaunchTests.swift in Sources */,
			);
			runOnlyForDeploymentPostprocessing = 0;
		};
/* End PBXSourcesBuildPhase section */

/* Begin PBXTargetDependency section */
		C8A741DC2704B5E300B52BBC /* PBXTargetDependency */ = {
			isa = PBXTargetDependency;
			target = C8A741C42704B5E000B52BBC /* HackAThing2 */;
			targetProxy = C8A741DB2704B5E300B52BBC /* PBXContainerItemProxy */;
		};
		C8A741E62704B5E300B52BBC /* PBXTargetDependency */ = {
			isa = PBXTargetDependency;
			target = C8A741C42704B5E000B52BBC /* HackAThing2 */;
			targetProxy = C8A741E52704B5E300B52BBC /* PBXContainerItemProxy */;
		};
/* End PBXTargetDependency section */

/* Begin PBXVariantGroup section */
		C8A741CE2704B5E000B52BBC /* Main.storyboard */ = {
			isa = PBXVariantGroup;
			children = (
				C8A741CF2704B5E000B52BBC /* Base */,
			);
			name = Main.storyboard;
			sourceTree = "<group>";
		};
		C8A741D32704B5E300B52BBC /* LaunchScreen.storyboard */ = {
			isa = PBXVariantGroup;
			children = (
				C8A741D42704B5E300B52BBC /* Base */,
			);
			name = LaunchScreen.storyboard;
			sourceTree = "<group>";
		};
/* End PBXVariantGroup section */

/* Begin XCBuildConfiguration section */
		C8A741EC2704B5E300B52BBC /* Debug */ = {
			isa = XCBuildConfiguration;
			buildSettings = {
				ALWAYS_SEARCH_USER_PATHS = NO;
				CLANG_ANALYZER_NONNULL = YES;
				CLANG_ANALYZER_NUMBER_OBJECT_CONVERSION = YES_AGGRESSIVE;
				CLANG_CXX_LANGUAGE_STANDARD = "gnu++17";
				CLANG_CXX_LIBRARY = "libc++";
				CLANG_ENABLE_MODULES = YES;
				CLANG_ENABLE_OBJC_ARC = YES;
				CLANG_ENABLE_OBJC_WEAK = YES;
				CLANG_WARN_BLOCK_CAPTURE_AUTORELEASING = YES;
				CLANG_WARN_BOOL_CONVERSION = YES;
				CLANG_WARN_COMMA = YES;
				CLANG_WARN_CONSTANT_CONVERSION = YES;
				CLANG_WARN_DEPRECATED_OBJC_IMPLEMENTATIONS = YES;
				CLANG_WARN_DIRECT_OBJC_ISA_USAGE = YES_ERROR;
				CLANG_WARN_DOCUMENTATION_COMMENTS = YES;
				CLANG_WARN_EMPTY_BODY = YES;
				CLANG_WARN_ENUM_CONVERSION = YES;
				CLANG_WARN_INFINITE_RECURSION = YES;
				CLANG_WARN_INT_CONVERSION = YES;
				CLANG_WARN_NON_LITERAL_NULL_CONVERSION = YES;
				CLANG_WARN_OBJC_IMPLICIT_RETAIN_SELF = YES;
				CLANG_WARN_OBJC_LITERAL_CONVERSION = YES;
				CLANG_WARN_OBJC_ROOT_CLASS = YES_ERROR;
				CLANG_WARN_QUOTED_INCLUDE_IN_FRAMEWORK_HEADER = YES;
				CLANG_WARN_RANGE_LOOP_ANALYSIS = YES;
				CLANG_WARN_STRICT_PROTOTYPES = YES;
				CLANG_WARN_SUSPICIOUS_MOVE = YES;
				CLANG_WARN_UNGUARDED_AVAILABILITY = YES_AGGRESSIVE;
				CLANG_WARN_UNREACHABLE_CODE = YES;
				CLANG_WARN__DUPLICATE_METHOD_MATCH = YES;
				COPY_PHASE_STRIP = NO;
				DEBUG_INFORMATION_FORMAT = dwarf;
				ENABLE_STRICT_OBJC_MSGSEND = YES;
				ENABLE_TESTABILITY = YES;
				GCC_C_LANGUAGE_STANDARD = gnu11;
				GCC_DYNAMIC_NO_PIC = NO;
				GCC_NO_COMMON_BLOCKS = YES;
				GCC_OPTIMIZATION_LEVEL = 0;
				GCC_PREPROCESSOR_DEFINITIONS = (
					"DEBUG=1",
					"$(inherited)",
				);
				GCC_WARN_64_TO_32_BIT_CONVERSION = YES;
				GCC_WARN_ABOUT_RETURN_TYPE = YES_ERROR;
				GCC_WARN_UNDECLARED_SELECTOR = YES;
				GCC_WARN_UNINITIALIZED_AUTOS = YES_AGGRESSIVE;
				GCC_WARN_UNUSED_FUNCTION = YES;
				GCC_WARN_UNUSED_VARIABLE = YES;
				IPHONEOS_DEPLOYMENT_TARGET = 15.0;
				MTL_ENABLE_DEBUG_INFO = INCLUDE_SOURCE;
				MTL_FAST_MATH = YES;
				ONLY_ACTIVE_ARCH = YES;
				SDKROOT = iphoneos;
				SWIFT_ACTIVE_COMPILATION_CONDITIONS = DEBUG;
				SWIFT_OPTIMIZATION_LEVEL = "-Onone";
			};
			name = Debug;
		};
		C8A741ED2704B5E300B52BBC /* Release */ = {
			isa = XCBuildConfiguration;
			buildSettings = {
				ALWAYS_SEARCH_USER_PATHS = NO;
				CLANG_ANALYZER_NONNULL = YES;
				CLANG_ANALYZER_NUMBER_OBJECT_CONVERSION = YES_AGGRESSIVE;
				CLANG_CXX_LANGUAGE_STANDARD = "gnu++17";
				CLANG_CXX_LIBRARY = "libc++";
				CLANG_ENABLE_MODULES = YES;
				CLANG_ENABLE_OBJC_ARC = YES;
				CLANG_ENABLE_OBJC_WEAK = YES;
				CLANG_WARN_BLOCK_CAPTURE_AUTORELEASING = YES;
				CLANG_WARN_BOOL_CONVERSION = YES;
				CLANG_WARN_COMMA = YES;
				CLANG_WARN_CONSTANT_CONVERSION = YES;
				CLANG_WARN_DEPRECATED_OBJC_IMPLEMENTATIONS = YES;
				CLANG_WARN_DIRECT_OBJC_ISA_USAGE = YES_ERROR;
				CLANG_WARN_DOCUMENTATION_COMMENTS = YES;
				CLANG_WARN_EMPTY_BODY = YES;
				CLANG_WARN_ENUM_CONVERSION = YES;
				CLANG_WARN_INFINITE_RECURSION = YES;
				CLANG_WARN_INT_CONVERSION = YES;
				CLANG_WARN_NON_LITERAL_NULL_CONVERSION = YES;
				CLANG_WARN_OBJC_IMPLICIT_RETAIN_SELF = YES;
				CLANG_WARN_OBJC_LITERAL_CONVERSION = YES;
				CLANG_WARN_OBJC_ROOT_CLASS = YES_ERROR;
				CLANG_WARN_QUOTED_INCLUDE_IN_FRAMEWORK_HEADER = YES;
				CLANG_WARN_RANGE_LOOP_ANALYSIS = YES;
				CLANG_WARN_STRICT_PROTOTYPES = YES;
				CLANG_WARN_SUSPICIOUS_MOVE = YES;
				CLANG_WARN_UNGUARDED_AVAILABILITY = YES_AGGRESSIVE;
				CLANG_WARN_UNREACHABLE_CODE = YES;
				CLANG_WARN__DUPLICATE_METHOD_MATCH = YES;
				COPY_PHASE_STRIP = NO;
				DEBUG_INFORMATION_FORMAT = "dwarf-with-dsym";
				ENABLE_NS_ASSERTIONS = NO;
				ENABLE_STRICT_OBJC_MSGSEND = YES;
				GCC_C_LANGUAGE_STANDARD = gnu11;
				GCC_NO_COMMON_BLOCKS = YES;
				GCC_WARN_64_TO_32_BIT_CONVERSION = YES;
				GCC_WARN_ABOUT_RETURN_TYPE = YES_ERROR;
				GCC_WARN_UNDECLARED_SELECTOR = YES;
				GCC_WARN_UNINITIALIZED_AUTOS = YES_AGGRESSIVE;
				GCC_WARN_UNUSED_FUNCTION = YES;
				GCC_WARN_UNUSED_VARIABLE = YES;
				IPHONEOS_DEPLOYMENT_TARGET = 15.0;
				MTL_ENABLE_DEBUG_INFO = NO;
				MTL_FAST_MATH = YES;
				SDKROOT = iphoneos;
				SWIFT_COMPILATION_MODE = wholemodule;
				SWIFT_OPTIMIZATION_LEVEL = "-O";
				VALIDATE_PRODUCT = YES;
			};
			name = Release;
		};
		C8A741EF2704B5E300B52BBC /* Debug */ = {
			isa = XCBuildConfiguration;
			buildSettings = {
				ASSETCATALOG_COMPILER_APPICON_NAME = AppIcon;
				ASSETCATALOG_COMPILER_GLOBAL_ACCENT_COLOR_NAME = AccentColor;
				CODE_SIGN_STYLE = Automatic;
				CURRENT_PROJECT_VERSION = 1;
				DEVELOPMENT_TEAM = BQSE725Q6N;
				GENERATE_INFOPLIST_FILE = YES;
				INFOPLIST_KEY_NSCameraUsageDescription = "";
				INFOPLIST_KEY_UIApplicationSupportsIndirectInputEvents = YES;
				INFOPLIST_KEY_UILaunchStoryboardName = LaunchScreen;
				INFOPLIST_KEY_UIMainStoryboardFile = Main;
				INFOPLIST_KEY_UIRequiredDeviceCapabilities = arkit;
				INFOPLIST_KEY_UIStatusBarHidden = YES;
				INFOPLIST_KEY_UISupportedInterfaceOrientations_iPad = "UIInterfaceOrientationPortrait UIInterfaceOrientationPortraitUpsideDown UIInterfaceOrientationLandscapeLeft UIInterfaceOrientationLandscapeRight";
				INFOPLIST_KEY_UISupportedInterfaceOrientations_iPhone = "UIInterfaceOrientationPortrait UIInterfaceOrientationLandscapeLeft UIInterfaceOrientationLandscapeRight";
				LD_RUNPATH_SEARCH_PATHS = (
					"$(inherited)",
					"@executable_path/Frameworks",
				);
				MARKETING_VERSION = 1.0;
				PRODUCT_BUNDLE_IDENTIFIER = Personal.HackAThing2;
				PRODUCT_NAME = "$(TARGET_NAME)";
				SWIFT_EMIT_LOC_STRINGS = YES;
				SWIFT_VERSION = 5.0;
				TARGETED_DEVICE_FAMILY = "1,2";
			};
			name = Debug;
		};
		C8A741F02704B5E300B52BBC /* Release */ = {
			isa = XCBuildConfiguration;
			buildSettings = {
				ASSETCATALOG_COMPILER_APPICON_NAME = AppIcon;
				ASSETCATALOG_COMPILER_GLOBAL_ACCENT_COLOR_NAME = AccentColor;
				CODE_SIGN_STYLE = Automatic;
				CURRENT_PROJECT_VERSION = 1;
				DEVELOPMENT_TEAM = BQSE725Q6N;
				GENERATE_INFOPLIST_FILE = YES;
				INFOPLIST_KEY_NSCameraUsageDescription = "";
				INFOPLIST_KEY_UIApplicationSupportsIndirectInputEvents = YES;
				INFOPLIST_KEY_UILaunchStoryboardName = LaunchScreen;
				INFOPLIST_KEY_UIMainStoryboardFile = Main;
				INFOPLIST_KEY_UIRequiredDeviceCapabilities = arkit;
				INFOPLIST_KEY_UIStatusBarHidden = YES;
				INFOPLIST_KEY_UISupportedInterfaceOrientations_iPad = "UIInterfaceOrientationPortrait UIInterfaceOrientationPortraitUpsideDown UIInterfaceOrientationLandscapeLeft UIInterfaceOrientationLandscapeRight";
				INFOPLIST_KEY_UISupportedInterfaceOrientations_iPhone = "UIInterfaceOrientationPortrait UIInterfaceOrientationLandscapeLeft UIInterfaceOrientationLandscapeRight";
				LD_RUNPATH_SEARCH_PATHS = (
					"$(inherited)",
					"@executable_path/Frameworks",
				);
				MARKETING_VERSION = 1.0;
				PRODUCT_BUNDLE_IDENTIFIER = Personal.HackAThing2;
				PRODUCT_NAME = "$(TARGET_NAME)";
				SWIFT_EMIT_LOC_STRINGS = YES;
				SWIFT_VERSION = 5.0;
				TARGETED_DEVICE_FAMILY = "1,2";
			};
			name = Release;
		};
		C8A741F22704B5E300B52BBC /* Debug */ = {
			isa = XCBuildConfiguration;
			buildSettings = {
				ALWAYS_EMBED_SWIFT_STANDARD_LIBRARIES = YES;
				BUNDLE_LOADER = "$(TEST_HOST)";
				CODE_SIGN_STYLE = Automatic;
				CURRENT_PROJECT_VERSION = 1;
				DEVELOPMENT_TEAM = BQSE725Q6N;
				GENERATE_INFOPLIST_FILE = YES;
				IPHONEOS_DEPLOYMENT_TARGET = 15.0;
				LD_RUNPATH_SEARCH_PATHS = (
					"$(inherited)",
					"@executable_path/Frameworks",
					"@loader_path/Frameworks",
				);
				MARKETING_VERSION = 1.0;
				PRODUCT_BUNDLE_IDENTIFIER = Personal.HackAThing2Tests;
				PRODUCT_NAME = "$(TARGET_NAME)";
				SWIFT_EMIT_LOC_STRINGS = NO;
				SWIFT_VERSION = 5.0;
				TARGETED_DEVICE_FAMILY = "1,2";
				TEST_HOST = "$(BUILT_PRODUCTS_DIR)/HackAThing2.app/HackAThing2";
			};
			name = Debug;
		};
		C8A741F32704B5E300B52BBC /* Release */ = {
			isa = XCBuildConfiguration;
			buildSettings = {
				ALWAYS_EMBED_SWIFT_STANDARD_LIBRARIES = YES;
				BUNDLE_LOADER = "$(TEST_HOST)";
				CODE_SIGN_STYLE = Automatic;
				CURRENT_PROJECT_VERSION = 1;
				DEVELOPMENT_TEAM = BQSE725Q6N;
				GENERATE_INFOPLIST_FILE = YES;
				IPHONEOS_DEPLOYMENT_TARGET = 15.0;
				LD_RUNPATH_SEARCH_PATHS = (
					"$(inherited)",
					"@executable_path/Frameworks",
					"@loader_path/Frameworks",
				);
				MARKETING_VERSION = 1.0;
				PRODUCT_BUNDLE_IDENTIFIER = Personal.HackAThing2Tests;
				PRODUCT_NAME = "$(TARGET_NAME)";
				SWIFT_EMIT_LOC_STRINGS = NO;
				SWIFT_VERSION = 5.0;
				TARGETED_DEVICE_FAMILY = "1,2";
				TEST_HOST = "$(BUILT_PRODUCTS_DIR)/HackAThing2.app/HackAThing2";
			};
			name = Release;
		};
		C8A741F52704B5E300B52BBC /* Debug */ = {
			isa = XCBuildConfiguration;
			buildSettings = {
				ALWAYS_EMBED_SWIFT_STANDARD_LIBRARIES = YES;
				CODE_SIGN_STYLE = Automatic;
				CURRENT_PROJECT_VERSION = 1;
				DEVELOPMENT_TEAM = BQSE725Q6N;
				GENERATE_INFOPLIST_FILE = YES;
				LD_RUNPATH_SEARCH_PATHS = (
					"$(inherited)",
					"@executable_path/Frameworks",
					"@loader_path/Frameworks",
				);
				MARKETING_VERSION = 1.0;
				PRODUCT_BUNDLE_IDENTIFIER = Personal.HackAThing2UITests;
				PRODUCT_NAME = "$(TARGET_NAME)";
				SWIFT_EMIT_LOC_STRINGS = NO;
				SWIFT_VERSION = 5.0;
				TARGETED_DEVICE_FAMILY = "1,2";
				TEST_TARGET_NAME = HackAThing2;
			};
			name = Debug;
		};
		C8A741F62704B5E300B52BBC /* Release */ = {
			isa = XCBuildConfiguration;
			buildSettings = {
				ALWAYS_EMBED_SWIFT_STANDARD_LIBRARIES = YES;
				CODE_SIGN_STYLE = Automatic;
				CURRENT_PROJECT_VERSION = 1;
				DEVELOPMENT_TEAM = BQSE725Q6N;
				GENERATE_INFOPLIST_FILE = YES;
				LD_RUNPATH_SEARCH_PATHS = (
					"$(inherited)",
					"@executable_path/Frameworks",
					"@loader_path/Frameworks",
				);
				MARKETING_VERSION = 1.0;
				PRODUCT_BUNDLE_IDENTIFIER = Personal.HackAThing2UITests;
				PRODUCT_NAME = "$(TARGET_NAME)";
				SWIFT_EMIT_LOC_STRINGS = NO;
				SWIFT_VERSION = 5.0;
				TARGETED_DEVICE_FAMILY = "1,2";
				TEST_TARGET_NAME = HackAThing2;
			};
			name = Release;
		};
/* End XCBuildConfiguration section */

/* Begin XCConfigurationList section */
		C8A741C02704B5E000B52BBC /* Build configuration list for PBXProject "HackAThing2" */ = {
			isa = XCConfigurationList;
			buildConfigurations = (
				C8A741EC2704B5E300B52BBC /* Debug */,
				C8A741ED2704B5E300B52BBC /* Release */,
			);
			defaultConfigurationIsVisible = 0;
			defaultConfigurationName = Release;
		};
		C8A741EE2704B5E300B52BBC /* Build configuration list for PBXNativeTarget "HackAThing2" */ = {
			isa = XCConfigurationList;
			buildConfigurations = (
				C8A741EF2704B5E300B52BBC /* Debug */,
				C8A741F02704B5E300B52BBC /* Release */,
			);
			defaultConfigurationIsVisible = 0;
			defaultConfigurationName = Release;
		};
		C8A741F12704B5E300B52BBC /* Build configuration list for PBXNativeTarget "HackAThing2Tests" */ = {
			isa = XCConfigurationList;
			buildConfigurations = (
				C8A741F22704B5E300B52BBC /* Debug */,
				C8A741F32704B5E300B52BBC /* Release */,
			);
			defaultConfigurationIsVisible = 0;
			defaultConfigurationName = Release;
		};
		C8A741F42704B5E300B52BBC /* Build configuration list for PBXNativeTarget "HackAThing2UITests" */ = {
			isa = XCConfigurationList;
			buildConfigurations = (
				C8A741F52704B5E300B52BBC /* Debug */,
				C8A741F62704B5E300B52BBC /* Release */,
			);
			defaultConfigurationIsVisible = 0;
			defaultConfigurationName = Release;
		};
/* End XCConfigurationList section */
	};
	rootObject = C8A741BD2704B5E000B52BBC /* Project object */;
}
